
Microsoft Visual Studio Solution File, Format Version 12.00
# Visual Studio 15
VisualStudioVersion = 15.0.26730.15
MinimumVisualStudioVersion = 10.0.40219.1
Project("{FAE04EC0-301F-11D3-BF4B-00C04F79EFBC}") = "BootStrapProj", "BootStrapProj\BootStrapProj.csproj", "{1259A98F-686F-4C71-966C-0F2432888824}"
EndProject
Global
	GlobalSection(SolutionConfigurationPlatforms) = preSolution
		Debug|Any CPU = Debug|Any CPU
		Release|Any CPU = Release|Any CPU
	EndGlobalSection
	GlobalSection(ProjectConfigurationPlatforms) = postSolution
		{1259A98F-686F-4C71-966C-0F2432888824}.Debug|Any CPU.ActiveCfg = Debug|Any CPU
		{1259A98F-686F-4C71-966C-0F2432888824}.Debug|Any CPU.Build.0 = Debug|Any CPU
		{1259A98F-686F-4C71-966C-0F2432888824}.Release|Any CPU.ActiveCfg = Release|Any CPU
		{1259A98F-686F-4C71-966C-0F2432888824}.Release|Any CPU.Build.0 = Release|Any CPU
	EndGlobalSection
	GlobalSection(SolutionProperties) = preSolution
		HideSolutionNode = FALSE
	EndGlobalSection
	GlobalSection(ExtensibilityGlobals) = postSolution
		SolutionGuid = {38FEF50D-B793-4CAD-A47A-0244F4A0E17B}
	EndGlobalSection
EndGlobal
